
Microsoft Visual Studio Solution File, Format Version 12.00
# Visual Studio Version 16
VisualStudioVersion = 16.0.28729.10
MinimumVisualStudioVersion = 10.0.40219.1
Project("{FAE04EC0-301F-11D3-BF4B-00C04F79EFBC}") = "ACMEMgt", "ACMEMgt\ACMEMgt.csproj", "{9F4F020C-DA45-4427-8CB8-BE3E59E8BF44}"
EndProject
Project("{2150E333-8FDC-42A3-9474-1A3956D46DE8}") = "Test", "Test", "{377396BD-2492-4CBE-BB7E-6968E77A11E0}"
EndProject
Project("{FAE04EC0-301F-11D3-BF4B-00C04F79EFBC}") = "ACMEMgtTest", "Test\ACMEMgtTest\ACMEMgtTest.csproj", "{7CCEE599-B9EF-474C-A069-2D3A0D287D41}"
EndProject
Global
	GlobalSection(SolutionConfigurationPlatforms) = preSolution
		Debug|Any CPU = Debug|Any CPU
		Release|Any CPU = Release|Any CPU
	EndGlobalSection
	GlobalSection(ProjectConfigurationPlatforms) = postSolution
		{9F4F020C-DA45-4427-8CB8-BE3E59E8BF44}.Debug|Any CPU.ActiveCfg = Debug|Any CPU
		{9F4F020C-DA45-4427-8CB8-BE3E59E8BF44}.Debug|Any CPU.Build.0 = Debug|Any CPU
		{9F4F020C-DA45-4427-8CB8-BE3E59E8BF44}.Release|Any CPU.ActiveCfg = Release|Any CPU
		{9F4F020C-DA45-4427-8CB8-BE3E59E8BF44}.Release|Any CPU.Build.0 = Release|Any CPU
		{7CCEE599-B9EF-474C-A069-2D3A0D287D41}.Debug|Any CPU.ActiveCfg = Debug|Any CPU
		{7CCEE599-B9EF-474C-A069-2D3A0D287D41}.Debug|Any CPU.Build.0 = Debug|Any CPU
		{7CCEE599-B9EF-474C-A069-2D3A0D287D41}.Release|Any CPU.ActiveCfg = Release|Any CPU
		{7CCEE599-B9EF-474C-A069-2D3A0D287D41}.Release|Any CPU.Build.0 = Release|Any CPU
	EndGlobalSection
	GlobalSection(SolutionProperties) = preSolution
		HideSolutionNode = FALSE
	EndGlobalSection
	GlobalSection(NestedProjects) = preSolution
		{7CCEE599-B9EF-474C-A069-2D3A0D287D41} = {377396BD-2492-4CBE-BB7E-6968E77A11E0}
	EndGlobalSection
	GlobalSection(ExtensibilityGlobals) = postSolution
		SolutionGuid = {9CCE618C-54CC-428D-BA7B-174630D1B23E}
	EndGlobalSection
EndGlobal
